
Microsoft Visual Studio Solution File, Format Version 12.00
# Visual Studio Version 17
VisualStudioVersion = 17.2.32630.192
MinimumVisualStudioVersion = 10.0.40219.1
Project("{F184B08F-C81C-45F6-A57F-5ABD9991F28F}") = "Problema 2", "Problema 2\Problema 2.vbproj", "{5F354E91-699E-418F-84C4-714762F8994E}"
EndProject
Global
	GlobalSection(SolutionConfigurationPlatforms) = preSolution
		Debug|Any CPU = Debug|Any CPU
		Release|Any CPU = Release|Any CPU
	EndGlobalSection
	GlobalSection(ProjectConfigurationPlatforms) = postSolution
		{5F354E91-699E-418F-84C4-714762F8994E}.Debug|Any CPU.ActiveCfg = Debug|Any CPU
		{5F354E91-699E-418F-84C4-714762F8994E}.Debug|Any CPU.Build.0 = Debug|Any CPU
		{5F354E91-699E-418F-84C4-714762F8994E}.Release|Any CPU.ActiveCfg = Release|Any CPU
		{5F354E91-699E-418F-84C4-714762F8994E}.Release|Any CPU.Build.0 = Release|Any CPU
	EndGlobalSection
	GlobalSection(SolutionProperties) = preSolution
		HideSolutionNode = FALSE
	EndGlobalSection
	GlobalSection(ExtensibilityGlobals) = postSolution
		SolutionGuid = {16562C53-2278-4F13-AD32-E1F4F467BEEC}
	EndGlobalSection
EndGlobal
